// !$*UTF8*$!
{
	archiveVersion = 1;
	classes = {
	};
	objectVersion = 55;
	objects = {

/* Begin PBXBuildFile section */
		4A3DD80327B4A89500B3E0F6 /* Helpers.swift in Sources */ = {isa = PBXBuildFile; fileRef = 4A3DD80227B4A89500B3E0F6 /* Helpers.swift */; };
		4A870DC127B393CF007D7C01 /* RAM.swift in Sources */ = {isa = PBXBuildFile; fileRef = 4A870DC027B393CF007D7C01 /* RAM.swift */; };
		4A870DC327B393F3007D7C01 /* PPU.swift in Sources */ = {isa = PBXBuildFile; fileRef = 4A870DC227B393F3007D7C01 /* PPU.swift */; };
		4A870DC527B39405007D7C01 /* APU.swift in Sources */ = {isa = PBXBuildFile; fileRef = 4A870DC427B39405007D7C01 /* APU.swift */; };
		4A870DC727B39416007D7C01 /* ROM.swift in Sources */ = {isa = PBXBuildFile; fileRef = 4A870DC627B39416007D7C01 /* ROM.swift */; };
		4A870DC927B39573007D7C01 /* Exceptions.swift in Sources */ = {isa = PBXBuildFile; fileRef = 4A870DC827B39573007D7C01 /* Exceptions.swift */; };
		4A870DCC27B3969D007D7C01 /* MemoryOwner.swift in Sources */ = {isa = PBXBuildFile; fileRef = 4A870DCB27B3969D007D7C01 /* MemoryOwner.swift */; };
		4AB0B67427B205DC00F4A8E7 /* NESwiftApp.swift in Sources */ = {isa = PBXBuildFile; fileRef = 4AB0B67327B205DC00F4A8E7 /* NESwiftApp.swift */; };
		4AB0B67627B205DC00F4A8E7 /* ContentView.swift in Sources */ = {isa = PBXBuildFile; fileRef = 4AB0B67527B205DC00F4A8E7 /* ContentView.swift */; };
		4AB0B67827B205DE00F4A8E7 /* Assets.xcassets in Resources */ = {isa = PBXBuildFile; fileRef = 4AB0B67727B205DE00F4A8E7 /* Assets.xcassets */; };
		4AB0B67B27B205DE00F4A8E7 /* Preview Assets.xcassets in Resources */ = {isa = PBXBuildFile; fileRef = 4AB0B67A27B205DE00F4A8E7 /* Preview Assets.xcassets */; };
		4AB0B67D27B205DE00F4A8E7 /* Persistence.swift in Sources */ = {isa = PBXBuildFile; fileRef = 4AB0B67C27B205DE00F4A8E7 /* Persistence.swift */; };
		4AB0B68027B205DE00F4A8E7 /* NESwift.xcdatamodeld in Sources */ = {isa = PBXBuildFile; fileRef = 4AB0B67E27B205DE00F4A8E7 /* NESwift.xcdatamodeld */; };
		4AB0B68B27B205DF00F4A8E7 /* NESwiftTests.swift in Sources */ = {isa = PBXBuildFile; fileRef = 4AB0B68A27B205DF00F4A8E7 /* NESwiftTests.swift */; };
		4AB0B69527B205DF00F4A8E7 /* NESwiftUITests.swift in Sources */ = {isa = PBXBuildFile; fileRef = 4AB0B69427B205DF00F4A8E7 /* NESwiftUITests.swift */; };
		4AB0B69727B205DF00F4A8E7 /* NESwiftUITestsLaunchTests.swift in Sources */ = {isa = PBXBuildFile; fileRef = 4AB0B69627B205DF00F4A8E7 /* NESwiftUITestsLaunchTests.swift */; };
		4AB0B6A527B2090100F4A8E7 /* MainEmulator.swift in Sources */ = {isa = PBXBuildFile; fileRef = 4AB0B6A427B2090100F4A8E7 /* MainEmulator.swift */; };
		4AB0B6A727B2091200F4A8E7 /* CPU.swift in Sources */ = {isa = PBXBuildFile; fileRef = 4AB0B6A627B2091200F4A8E7 /* CPU.swift */; };
		4AB0B6A927B210CC00F4A8E7 /* nestest.nes in Resources */ = {isa = PBXBuildFile; fileRef = 4AB0B6A827B20A1E00F4A8E7 /* nestest.nes */; };
		4AB0B6AF27B22B0000F4A8E7 /* Addressing.swift in Sources */ = {isa = PBXBuildFile; fileRef = 4AB0B6AE27B22B0000F4A8E7 /* Addressing.swift */; };
		4AE9B11C27B77B9D00883052 /* Constants.swift in Sources */ = {isa = PBXBuildFile; fileRef = 4AE9B11B27B77B9D00883052 /* Constants.swift */; };
		4AE9B11E27B7834800883052 /* Status.swift in Sources */ = {isa = PBXBuildFile; fileRef = 4AE9B11D27B7834800883052 /* Status.swift */; };
		4AE9B12027B784AB00883052 /* Instruction.swift in Sources */ = {isa = PBXBuildFile; fileRef = 4AE9B11F27B784AB00883052 /* Instruction.swift */; };
		4AE9B12227B78D3F00883052 /* Arithmetic.swift in Sources */ = {isa = PBXBuildFile; fileRef = 4AE9B12127B78D3F00883052 /* Arithmetic.swift */; };
		4AE9B12427B8502600883052 /* BaseInstructions.swift in Sources */ = {isa = PBXBuildFile; fileRef = 4AE9B12327B8502600883052 /* BaseInstructions.swift */; };
/* End PBXBuildFile section */

/* Begin PBXContainerItemProxy section */
		4AB0B68727B205DF00F4A8E7 /* PBXContainerItemProxy */ = {
			isa = PBXContainerItemProxy;
			containerPortal = 4AB0B66827B205DC00F4A8E7 /* Project object */;
			proxyType = 1;
			remoteGlobalIDString = 4AB0B66F27B205DC00F4A8E7;
			remoteInfo = NESwift;
		};
		4AB0B69127B205DF00F4A8E7 /* PBXContainerItemProxy */ = {
			isa = PBXContainerItemProxy;
			containerPortal = 4AB0B66827B205DC00F4A8E7 /* Project object */;
			proxyType = 1;
			remoteGlobalIDString = 4AB0B66F27B205DC00F4A8E7;
			remoteInfo = NESwift;
		};
/* End PBXContainerItemProxy section */

/* Begin PBXFileReference section */
		4A3DD80227B4A89500B3E0F6 /* Helpers.swift */ = {isa = PBXFileReference; lastKnownFileType = sourcecode.swift; path = Helpers.swift; sourceTree = "<group>"; };
		4A870DC027B393CF007D7C01 /* RAM.swift */ = {isa = PBXFileReference; lastKnownFileType = sourcecode.swift; path = RAM.swift; sourceTree = "<group>"; };
		4A870DC227B393F3007D7C01 /* PPU.swift */ = {isa = PBXFileReference; lastKnownFileType = sourcecode.swift; path = PPU.swift; sourceTree = "<group>"; };
		4A870DC427B39405007D7C01 /* APU.swift */ = {isa = PBXFileReference; lastKnownFileType = sourcecode.swift; path = APU.swift; sourceTree = "<group>"; };
		4A870DC627B39416007D7C01 /* ROM.swift */ = {isa = PBXFileReference; lastKnownFileType = sourcecode.swift; path = ROM.swift; sourceTree = "<group>"; };
		4A870DC827B39573007D7C01 /* Exceptions.swift */ = {isa = PBXFileReference; lastKnownFileType = sourcecode.swift; path = Exceptions.swift; sourceTree = "<group>"; };
		4A870DCB27B3969D007D7C01 /* MemoryOwner.swift */ = {isa = PBXFileReference; lastKnownFileType = sourcecode.swift; path = MemoryOwner.swift; sourceTree = "<group>"; };
		4AB0B67027B205DC00F4A8E7 /* NESwift.app */ = {isa = PBXFileReference; explicitFileType = wrapper.application; includeInIndex = 0; path = NESwift.app; sourceTree = BUILT_PRODUCTS_DIR; };
		4AB0B67327B205DC00F4A8E7 /* NESwiftApp.swift */ = {isa = PBXFileReference; lastKnownFileType = sourcecode.swift; path = NESwiftApp.swift; sourceTree = "<group>"; };
		4AB0B67527B205DC00F4A8E7 /* ContentView.swift */ = {isa = PBXFileReference; lastKnownFileType = sourcecode.swift; path = ContentView.swift; sourceTree = "<group>"; };
		4AB0B67727B205DE00F4A8E7 /* Assets.xcassets */ = {isa = PBXFileReference; lastKnownFileType = folder.assetcatalog; path = Assets.xcassets; sourceTree = "<group>"; };
		4AB0B67A27B205DE00F4A8E7 /* Preview Assets.xcassets */ = {isa = PBXFileReference; lastKnownFileType = folder.assetcatalog; path = "Preview Assets.xcassets"; sourceTree = "<group>"; };
		4AB0B67C27B205DE00F4A8E7 /* Persistence.swift */ = {isa = PBXFileReference; lastKnownFileType = sourcecode.swift; path = Persistence.swift; sourceTree = "<group>"; };
		4AB0B67F27B205DE00F4A8E7 /* NESwift.xcdatamodel */ = {isa = PBXFileReference; lastKnownFileType = wrapper.xcdatamodel; path = NESwift.xcdatamodel; sourceTree = "<group>"; };
		4AB0B68127B205DE00F4A8E7 /* NESwift.entitlements */ = {isa = PBXFileReference; lastKnownFileType = text.plist.entitlements; path = NESwift.entitlements; sourceTree = "<group>"; };
		4AB0B68627B205DF00F4A8E7 /* NESwiftTests.xctest */ = {isa = PBXFileReference; explicitFileType = wrapper.cfbundle; includeInIndex = 0; path = NESwiftTests.xctest; sourceTree = BUILT_PRODUCTS_DIR; };
		4AB0B68A27B205DF00F4A8E7 /* NESwiftTests.swift */ = {isa = PBXFileReference; lastKnownFileType = sourcecode.swift; path = NESwiftTests.swift; sourceTree = "<group>"; };
		4AB0B69027B205DF00F4A8E7 /* NESwiftUITests.xctest */ = {isa = PBXFileReference; explicitFileType = wrapper.cfbundle; includeInIndex = 0; path = NESwiftUITests.xctest; sourceTree = BUILT_PRODUCTS_DIR; };
		4AB0B69427B205DF00F4A8E7 /* NESwiftUITests.swift */ = {isa = PBXFileReference; lastKnownFileType = sourcecode.swift; path = NESwiftUITests.swift; sourceTree = "<group>"; };
		4AB0B69627B205DF00F4A8E7 /* NESwiftUITestsLaunchTests.swift */ = {isa = PBXFileReference; lastKnownFileType = sourcecode.swift; path = NESwiftUITestsLaunchTests.swift; sourceTree = "<group>"; };
		4AB0B6A427B2090100F4A8E7 /* MainEmulator.swift */ = {isa = PBXFileReference; lastKnownFileType = sourcecode.swift; path = MainEmulator.swift; sourceTree = "<group>"; };
		4AB0B6A627B2091200F4A8E7 /* CPU.swift */ = {isa = PBXFileReference; lastKnownFileType = sourcecode.swift; path = CPU.swift; sourceTree = "<group>"; };
		4AB0B6A827B20A1E00F4A8E7 /* nestest.nes */ = {isa = PBXFileReference; lastKnownFileType = file; path = nestest.nes; sourceTree = "<group>"; };
		4AB0B6AE27B22B0000F4A8E7 /* Addressing.swift */ = {isa = PBXFileReference; lastKnownFileType = sourcecode.swift; path = Addressing.swift; sourceTree = "<group>"; };
		4AE9B11B27B77B9D00883052 /* Constants.swift */ = {isa = PBXFileReference; lastKnownFileType = sourcecode.swift; path = Constants.swift; sourceTree = "<group>"; };
		4AE9B11D27B7834800883052 /* Status.swift */ = {isa = PBXFileReference; lastKnownFileType = sourcecode.swift; path = Status.swift; sourceTree = "<group>"; };
		4AE9B11F27B784AB00883052 /* Instruction.swift */ = {isa = PBXFileReference; lastKnownFileType = sourcecode.swift; path = Instruction.swift; sourceTree = "<group>"; };
		4AE9B12127B78D3F00883052 /* Arithmetic.swift */ = {isa = PBXFileReference; lastKnownFileType = sourcecode.swift; path = Arithmetic.swift; sourceTree = "<group>"; };
		4AE9B12327B8502600883052 /* BaseInstructions.swift */ = {isa = PBXFileReference; lastKnownFileType = sourcecode.swift; path = BaseInstructions.swift; sourceTree = "<group>"; };
/* End PBXFileReference section */

/* Begin PBXFrameworksBuildPhase section */
		4AB0B66D27B205DC00F4A8E7 /* Frameworks */ = {
			isa = PBXFrameworksBuildPhase;
			buildActionMask = 2147483647;
			files = (
			);
			runOnlyForDeploymentPostprocessing = 0;
		};
		4AB0B68327B205DE00F4A8E7 /* Frameworks */ = {
			isa = PBXFrameworksBuildPhase;
			buildActionMask = 2147483647;
			files = (
			);
			runOnlyForDeploymentPostprocessing = 0;
		};
		4AB0B68D27B205DF00F4A8E7 /* Frameworks */ = {
			isa = PBXFrameworksBuildPhase;
			buildActionMask = 2147483647;
			files = (
			);
			runOnlyForDeploymentPostprocessing = 0;
		};
/* End PBXFrameworksBuildPhase section */

/* Begin PBXGroup section */
		4A870DCA27B39679007D7C01 /* Protocols */ = {
			isa = PBXGroup;
			children = (
				4A870DCB27B3969D007D7C01 /* MemoryOwner.swift */,
			);
			path = Protocols;
			sourceTree = "<group>";
		};
		4AB0B66727B205DC00F4A8E7 = {
			isa = PBXGroup;
			children = (
				4AB0B67227B205DC00F4A8E7 /* NESwift */,
				4AB0B68927B205DF00F4A8E7 /* NESwiftTests */,
				4AB0B69327B205DF00F4A8E7 /* NESwiftUITests */,
				4AB0B67127B205DC00F4A8E7 /* Products */,
			);
			sourceTree = "<group>";
		};
		4AB0B67127B205DC00F4A8E7 /* Products */ = {
			isa = PBXGroup;
			children = (
				4AB0B67027B205DC00F4A8E7 /* NESwift.app */,
				4AB0B68627B205DF00F4A8E7 /* NESwiftTests.xctest */,
				4AB0B69027B205DF00F4A8E7 /* NESwiftUITests.xctest */,
			);
			name = Products;
			sourceTree = "<group>";
		};
		4AB0B67227B205DC00F4A8E7 /* NESwift */ = {
			isa = PBXGroup;
			children = (
				4AB0B6A827B20A1E00F4A8E7 /* nestest.nes */,
				4AB0B6A327B2088F00F4A8E7 /* Emulator */,
				4AB0B67327B205DC00F4A8E7 /* NESwiftApp.swift */,
				4AB0B67527B205DC00F4A8E7 /* ContentView.swift */,
				4AB0B67727B205DE00F4A8E7 /* Assets.xcassets */,
				4AB0B67C27B205DE00F4A8E7 /* Persistence.swift */,
				4AB0B68127B205DE00F4A8E7 /* NESwift.entitlements */,
				4AB0B67E27B205DE00F4A8E7 /* NESwift.xcdatamodeld */,
				4AB0B67927B205DE00F4A8E7 /* Preview Content */,
			);
			path = NESwift;
			sourceTree = "<group>";
		};
		4AB0B67927B205DE00F4A8E7 /* Preview Content */ = {
			isa = PBXGroup;
			children = (
				4AB0B67A27B205DE00F4A8E7 /* Preview Assets.xcassets */,
			);
			path = "Preview Content";
			sourceTree = "<group>";
		};
		4AB0B68927B205DF00F4A8E7 /* NESwiftTests */ = {
			isa = PBXGroup;
			children = (
				4AB0B68A27B205DF00F4A8E7 /* NESwiftTests.swift */,
			);
			path = NESwiftTests;
			sourceTree = "<group>";
		};
		4AB0B69327B205DF00F4A8E7 /* NESwiftUITests */ = {
			isa = PBXGroup;
			children = (
				4AB0B69427B205DF00F4A8E7 /* NESwiftUITests.swift */,
				4AB0B69627B205DF00F4A8E7 /* NESwiftUITestsLaunchTests.swift */,
			);
			path = NESwiftUITests;
			sourceTree = "<group>";
		};
		4AB0B6A327B2088F00F4A8E7 /* Emulator */ = {
			isa = PBXGroup;
			children = (
				4A870DCA27B39679007D7C01 /* Protocols */,
				4AB0B6AB27B22AC700F4A8E7 /* Addressing */,
				4AB0B6AA27B22A9D00F4A8E7 /* Instructions */,
				4AB0B6A427B2090100F4A8E7 /* MainEmulator.swift */,
				4AB0B6A627B2091200F4A8E7 /* CPU.swift */,
				4A870DC027B393CF007D7C01 /* RAM.swift */,
				4A870DC227B393F3007D7C01 /* PPU.swift */,
				4A870DC427B39405007D7C01 /* APU.swift */,
				4A870DC627B39416007D7C01 /* ROM.swift */,
				4A870DC827B39573007D7C01 /* Exceptions.swift */,
				4A3DD80227B4A89500B3E0F6 /* Helpers.swift */,
				4AE9B11B27B77B9D00883052 /* Constants.swift */,
				4AE9B11D27B7834800883052 /* Status.swift */,
			);
			path = Emulator;
			sourceTree = "<group>";
		};
		4AB0B6AA27B22A9D00F4A8E7 /* Instructions */ = {
			isa = PBXGroup;
			children = (
				4AE9B11F27B784AB00883052 /* Instruction.swift */,
				4AE9B12127B78D3F00883052 /* Arithmetic.swift */,
				4AE9B12327B8502600883052 /* BaseInstructions.swift */,
			);
			path = Instructions;
			sourceTree = "<group>";
		};
		4AB0B6AB27B22AC700F4A8E7 /* Addressing */ = {
			isa = PBXGroup;
			children = (
				4AB0B6AE27B22B0000F4A8E7 /* Addressing.swift */,
			);
			path = Addressing;
			sourceTree = "<group>";
		};
/* End PBXGroup section */

/* Begin PBXNativeTarget section */
		4AB0B66F27B205DC00F4A8E7 /* NESwift */ = {
			isa = PBXNativeTarget;
			buildConfigurationList = 4AB0B69A27B205DF00F4A8E7 /* Build configuration list for PBXNativeTarget "NESwift" */;
			buildPhases = (
				4AB0B66C27B205DC00F4A8E7 /* Sources */,
				4AB0B66D27B205DC00F4A8E7 /* Frameworks */,
				4AB0B66E27B205DC00F4A8E7 /* Resources */,
			);
			buildRules = (
			);
			dependencies = (
			);
			name = NESwift;
			productName = NESwift;
			productReference = 4AB0B67027B205DC00F4A8E7 /* NESwift.app */;
			productType = "com.apple.product-type.application";
		};
		4AB0B68527B205DE00F4A8E7 /* NESwiftTests */ = {
			isa = PBXNativeTarget;
			buildConfigurationList = 4AB0B69D27B205DF00F4A8E7 /* Build configuration list for PBXNativeTarget "NESwiftTests" */;
			buildPhases = (
				4AB0B68227B205DE00F4A8E7 /* Sources */,
				4AB0B68327B205DE00F4A8E7 /* Frameworks */,
				4AB0B68427B205DE00F4A8E7 /* Resources */,
			);
			buildRules = (
			);
			dependencies = (
				4AB0B68827B205DF00F4A8E7 /* PBXTargetDependency */,
			);
			name = NESwiftTests;
			productName = NESwiftTests;
			productReference = 4AB0B68627B205DF00F4A8E7 /* NESwiftTests.xctest */;
			productType = "com.apple.product-type.bundle.unit-test";
		};
		4AB0B68F27B205DF00F4A8E7 /* NESwiftUITests */ = {
			isa = PBXNativeTarget;
			buildConfigurationList = 4AB0B6A027B205DF00F4A8E7 /* Build configuration list for PBXNativeTarget "NESwiftUITests" */;
			buildPhases = (
				4AB0B68C27B205DF00F4A8E7 /* Sources */,
				4AB0B68D27B205DF00F4A8E7 /* Frameworks */,
				4AB0B68E27B205DF00F4A8E7 /* Resources */,
			);
			buildRules = (
			);
			dependencies = (
				4AB0B69227B205DF00F4A8E7 /* PBXTargetDependency */,
			);
			name = NESwiftUITests;
			productName = NESwiftUITests;
			productReference = 4AB0B69027B205DF00F4A8E7 /* NESwiftUITests.xctest */;
			productType = "com.apple.product-type.bundle.ui-testing";
		};
/* End PBXNativeTarget section */

/* Begin PBXProject section */
		4AB0B66827B205DC00F4A8E7 /* Project object */ = {
			isa = PBXProject;
			attributes = {
				BuildIndependentTargetsInParallel = 1;
				LastSwiftUpdateCheck = 1320;
				LastUpgradeCheck = 1320;
				TargetAttributes = {
					4AB0B66F27B205DC00F4A8E7 = {
						CreatedOnToolsVersion = 13.2.1;
					};
					4AB0B68527B205DE00F4A8E7 = {
						CreatedOnToolsVersion = 13.2.1;
						TestTargetID = 4AB0B66F27B205DC00F4A8E7;
					};
					4AB0B68F27B205DF00F4A8E7 = {
						CreatedOnToolsVersion = 13.2.1;
						TestTargetID = 4AB0B66F27B205DC00F4A8E7;
					};
				};
			};
			buildConfigurationList = 4AB0B66B27B205DC00F4A8E7 /* Build configuration list for PBXProject "NESwift" */;
			compatibilityVersion = "Xcode 13.0";
			developmentRegion = en;
			hasScannedForEncodings = 0;
			knownRegions = (
				en,
				Base,
			);
			mainGroup = 4AB0B66727B205DC00F4A8E7;
			productRefGroup = 4AB0B67127B205DC00F4A8E7 /* Products */;
			projectDirPath = "";
			projectRoot = "";
			targets = (
				4AB0B66F27B205DC00F4A8E7 /* NESwift */,
				4AB0B68527B205DE00F4A8E7 /* NESwiftTests */,
				4AB0B68F27B205DF00F4A8E7 /* NESwiftUITests */,
			);
		};
/* End PBXProject section */

/* Begin PBXResourcesBuildPhase section */
		4AB0B66E27B205DC00F4A8E7 /* Resources */ = {
			isa = PBXResourcesBuildPhase;
			buildActionMask = 2147483647;
			files = (
				4AB0B6A927B210CC00F4A8E7 /* nestest.nes in Resources */,
				4AB0B67B27B205DE00F4A8E7 /* Preview Assets.xcassets in Resources */,
				4AB0B67827B205DE00F4A8E7 /* Assets.xcassets in Resources */,
			);
			runOnlyForDeploymentPostprocessing = 0;
		};
		4AB0B68427B205DE00F4A8E7 /* Resources */ = {
			isa = PBXResourcesBuildPhase;
			buildActionMask = 2147483647;
			files = (
			);
			runOnlyForDeploymentPostprocessing = 0;
		};
		4AB0B68E27B205DF00F4A8E7 /* Resources */ = {
			isa = PBXResourcesBuildPhase;
			buildActionMask = 2147483647;
			files = (
			);
			runOnlyForDeploymentPostprocessing = 0;
		};
/* End PBXResourcesBuildPhase section */

/* Begin PBXSourcesBuildPhase section */
		4AB0B66C27B205DC00F4A8E7 /* Sources */ = {
			isa = PBXSourcesBuildPhase;
			buildActionMask = 2147483647;
			files = (
				4AB0B6AF27B22B0000F4A8E7 /* Addressing.swift in Sources */,
				4A3DD80327B4A89500B3E0F6 /* Helpers.swift in Sources */,
				4AE9B12427B8502600883052 /* BaseInstructions.swift in Sources */,
				4A870DC927B39573007D7C01 /* Exceptions.swift in Sources */,
				4A870DC327B393F3007D7C01 /* PPU.swift in Sources */,
				4AB0B68027B205DE00F4A8E7 /* NESwift.xcdatamodeld in Sources */,
				4AE9B11C27B77B9D00883052 /* Constants.swift in Sources */,
				4AB0B67D27B205DE00F4A8E7 /* Persistence.swift in Sources */,
				4A870DCC27B3969D007D7C01 /* MemoryOwner.swift in Sources */,
				4A870DC527B39405007D7C01 /* APU.swift in Sources */,
				4AE9B12227B78D3F00883052 /* Arithmetic.swift in Sources */,
				4AB0B6A727B2091200F4A8E7 /* CPU.swift in Sources */,
				4A870DC127B393CF007D7C01 /* RAM.swift in Sources */,
				4AE9B11E27B7834800883052 /* Status.swift in Sources */,
				4AB0B67627B205DC00F4A8E7 /* ContentView.swift in Sources */,
				4AB0B67427B205DC00F4A8E7 /* NESwiftApp.swift in Sources */,
				4AB0B6A527B2090100F4A8E7 /* MainEmulator.swift in Sources */,
				4AE9B12027B784AB00883052 /* Instruction.swift in Sources */,
				4A870DC727B39416007D7C01 /* ROM.swift in Sources */,
			);
			runOnlyForDeploymentPostprocessing = 0;
		};
		4AB0B68227B205DE00F4A8E7 /* Sources */ = {
			isa = PBXSourcesBuildPhase;
			buildActionMask = 2147483647;
			files = (
				4AB0B68B27B205DF00F4A8E7 /* NESwiftTests.swift in Sources */,
			);
			runOnlyForDeploymentPostprocessing = 0;
		};
		4AB0B68C27B205DF00F4A8E7 /* Sources */ = {
			isa = PBXSourcesBuildPhase;
			buildActionMask = 2147483647;
			files = (
				4AB0B69527B205DF00F4A8E7 /* NESwiftUITests.swift in Sources */,
				4AB0B69727B205DF00F4A8E7 /* NESwiftUITestsLaunchTests.swift in Sources */,
			);
			runOnlyForDeploymentPostprocessing = 0;
		};
/* End PBXSourcesBuildPhase section */

/* Begin PBXTargetDependency section */
		4AB0B68827B205DF00F4A8E7 /* PBXTargetDependency */ = {
			isa = PBXTargetDependency;
			target = 4AB0B66F27B205DC00F4A8E7 /* NESwift */;
			targetProxy = 4AB0B68727B205DF00F4A8E7 /* PBXContainerItemProxy */;
		};
		4AB0B69227B205DF00F4A8E7 /* PBXTargetDependency */ = {
			isa = PBXTargetDependency;
			target = 4AB0B66F27B205DC00F4A8E7 /* NESwift */;
			targetProxy = 4AB0B69127B205DF00F4A8E7 /* PBXContainerItemProxy */;
		};
/* End PBXTargetDependency section */

/* Begin XCBuildConfiguration section */
		4AB0B69827B205DF00F4A8E7 /* Debug */ = {
			isa = XCBuildConfiguration;
			buildSettings = {
				ALWAYS_SEARCH_USER_PATHS = NO;
				CLANG_ANALYZER_NONNULL = YES;
				CLANG_ANALYZER_NUMBER_OBJECT_CONVERSION = YES_AGGRESSIVE;
				CLANG_CXX_LANGUAGE_STANDARD = "gnu++17";
				CLANG_CXX_LIBRARY = "libc++";
				CLANG_ENABLE_MODULES = YES;
				CLANG_ENABLE_OBJC_ARC = YES;
				CLANG_ENABLE_OBJC_WEAK = YES;
				CLANG_WARN_BLOCK_CAPTURE_AUTORELEASING = YES;
				CLANG_WARN_BOOL_CONVERSION = YES;
				CLANG_WARN_COMMA = YES;
				CLANG_WARN_CONSTANT_CONVERSION = YES;
				CLANG_WARN_DEPRECATED_OBJC_IMPLEMENTATIONS = YES;
				CLANG_WARN_DIRECT_OBJC_ISA_USAGE = YES_ERROR;
				CLANG_WARN_DOCUMENTATION_COMMENTS = YES;
				CLANG_WARN_EMPTY_BODY = YES;
				CLANG_WARN_ENUM_CONVERSION = YES;
				CLANG_WARN_INFINITE_RECURSION = YES;
				CLANG_WARN_INT_CONVERSION = YES;
				CLANG_WARN_NON_LITERAL_NULL_CONVERSION = YES;
				CLANG_WARN_OBJC_IMPLICIT_RETAIN_SELF = YES;
				CLANG_WARN_OBJC_LITERAL_CONVERSION = YES;
				CLANG_WARN_OBJC_ROOT_CLASS = YES_ERROR;
				CLANG_WARN_QUOTED_INCLUDE_IN_FRAMEWORK_HEADER = YES;
				CLANG_WARN_RANGE_LOOP_ANALYSIS = YES;
				CLANG_WARN_STRICT_PROTOTYPES = YES;
				CLANG_WARN_SUSPICIOUS_MOVE = YES;
				CLANG_WARN_UNGUARDED_AVAILABILITY = YES_AGGRESSIVE;
				CLANG_WARN_UNREACHABLE_CODE = YES;
				CLANG_WARN__DUPLICATE_METHOD_MATCH = YES;
				COPY_PHASE_STRIP = NO;
				DEBUG_INFORMATION_FORMAT = dwarf;
				ENABLE_STRICT_OBJC_MSGSEND = YES;
				ENABLE_TESTABILITY = YES;
				GCC_C_LANGUAGE_STANDARD = gnu11;
				GCC_DYNAMIC_NO_PIC = NO;
				GCC_NO_COMMON_BLOCKS = YES;
				GCC_OPTIMIZATION_LEVEL = 0;
				GCC_PREPROCESSOR_DEFINITIONS = (
					"DEBUG=1",
					"$(inherited)",
				);
				GCC_WARN_64_TO_32_BIT_CONVERSION = YES;
				GCC_WARN_ABOUT_RETURN_TYPE = YES_ERROR;
				GCC_WARN_UNDECLARED_SELECTOR = YES;
				GCC_WARN_UNINITIALIZED_AUTOS = YES_AGGRESSIVE;
				GCC_WARN_UNUSED_FUNCTION = YES;
				GCC_WARN_UNUSED_VARIABLE = YES;
				MACOSX_DEPLOYMENT_TARGET = 12.1;
				MTL_ENABLE_DEBUG_INFO = INCLUDE_SOURCE;
				MTL_FAST_MATH = YES;
				ONLY_ACTIVE_ARCH = YES;
				SDKROOT = macosx;
				SWIFT_ACTIVE_COMPILATION_CONDITIONS = DEBUG;
				SWIFT_OPTIMIZATION_LEVEL = "-Onone";
			};
			name = Debug;
		};
		4AB0B69927B205DF00F4A8E7 /* Release */ = {
			isa = XCBuildConfiguration;
			buildSettings = {
				ALWAYS_SEARCH_USER_PATHS = NO;
				CLANG_ANALYZER_NONNULL = YES;
				CLANG_ANALYZER_NUMBER_OBJECT_CONVERSION = YES_AGGRESSIVE;
				CLANG_CXX_LANGUAGE_STANDARD = "gnu++17";
				CLANG_CXX_LIBRARY = "libc++";
				CLANG_ENABLE_MODULES = YES;
				CLANG_ENABLE_OBJC_ARC = YES;
				CLANG_ENABLE_OBJC_WEAK = YES;
				CLANG_WARN_BLOCK_CAPTURE_AUTORELEASING = YES;
				CLANG_WARN_BOOL_CONVERSION = YES;
				CLANG_WARN_COMMA = YES;
				CLANG_WARN_CONSTANT_CONVERSION = YES;
				CLANG_WARN_DEPRECATED_OBJC_IMPLEMENTATIONS = YES;
				CLANG_WARN_DIRECT_OBJC_ISA_USAGE = YES_ERROR;
				CLANG_WARN_DOCUMENTATION_COMMENTS = YES;
				CLANG_WARN_EMPTY_BODY = YES;
				CLANG_WARN_ENUM_CONVERSION = YES;
				CLANG_WARN_INFINITE_RECURSION = YES;
				CLANG_WARN_INT_CONVERSION = YES;
				CLANG_WARN_NON_LITERAL_NULL_CONVERSION = YES;
				CLANG_WARN_OBJC_IMPLICIT_RETAIN_SELF = YES;
				CLANG_WARN_OBJC_LITERAL_CONVERSION = YES;
				CLANG_WARN_OBJC_ROOT_CLASS = YES_ERROR;
				CLANG_WARN_QUOTED_INCLUDE_IN_FRAMEWORK_HEADER = YES;
				CLANG_WARN_RANGE_LOOP_ANALYSIS = YES;
				CLANG_WARN_STRICT_PROTOTYPES = YES;
				CLANG_WARN_SUSPICIOUS_MOVE = YES;
				CLANG_WARN_UNGUARDED_AVAILABILITY = YES_AGGRESSIVE;
				CLANG_WARN_UNREACHABLE_CODE = YES;
				CLANG_WARN__DUPLICATE_METHOD_MATCH = YES;
				COPY_PHASE_STRIP = NO;
				DEBUG_INFORMATION_FORMAT = "dwarf-with-dsym";
				ENABLE_NS_ASSERTIONS = NO;
				ENABLE_STRICT_OBJC_MSGSEND = YES;
				GCC_C_LANGUAGE_STANDARD = gnu11;
				GCC_NO_COMMON_BLOCKS = YES;
				GCC_WARN_64_TO_32_BIT_CONVERSION = YES;
				GCC_WARN_ABOUT_RETURN_TYPE = YES_ERROR;
				GCC_WARN_UNDECLARED_SELECTOR = YES;
				GCC_WARN_UNINITIALIZED_AUTOS = YES_AGGRESSIVE;
				GCC_WARN_UNUSED_FUNCTION = YES;
				GCC_WARN_UNUSED_VARIABLE = YES;
				MACOSX_DEPLOYMENT_TARGET = 12.1;
				MTL_ENABLE_DEBUG_INFO = NO;
				MTL_FAST_MATH = YES;
				SDKROOT = macosx;
				SWIFT_COMPILATION_MODE = wholemodule;
				SWIFT_OPTIMIZATION_LEVEL = "-O";
			};
			name = Release;
		};
		4AB0B69B27B205DF00F4A8E7 /* Debug */ = {
			isa = XCBuildConfiguration;
			buildSettings = {
				ASSETCATALOG_COMPILER_APPICON_NAME = AppIcon;
				ASSETCATALOG_COMPILER_GLOBAL_ACCENT_COLOR_NAME = AccentColor;
				CODE_SIGN_ENTITLEMENTS = NESwift/NESwift.entitlements;
				CODE_SIGN_STYLE = Automatic;
				COMBINE_HIDPI_IMAGES = YES;
				CURRENT_PROJECT_VERSION = 1;
				DEVELOPMENT_ASSET_PATHS = "\"NESwift/Preview Content\"";
				DEVELOPMENT_TEAM = NV8H2QFMVS;
				ENABLE_HARDENED_RUNTIME = YES;
				ENABLE_PREVIEWS = YES;
				GENERATE_INFOPLIST_FILE = YES;
				INFOPLIST_KEY_NSHumanReadableCopyright = "";
				LD_RUNPATH_SEARCH_PATHS = (
					"$(inherited)",
					"@executable_path/../Frameworks",
				);
				MARKETING_VERSION = 1.0;
				PRODUCT_BUNDLE_IDENTIFIER = llc.narc.NESwift;
				PRODUCT_NAME = "$(TARGET_NAME)";
				SWIFT_EMIT_LOC_STRINGS = YES;
				SWIFT_VERSION = 5.0;
			};
			name = Debug;
		};
		4AB0B69C27B205DF00F4A8E7 /* Release */ = {
			isa = XCBuildConfiguration;
			buildSettings = {
				ASSETCATALOG_COMPILER_APPICON_NAME = AppIcon;
				ASSETCATALOG_COMPILER_GLOBAL_ACCENT_COLOR_NAME = AccentColor;
				CODE_SIGN_ENTITLEMENTS = NESwift/NESwift.entitlements;
				CODE_SIGN_STYLE = Automatic;
				COMBINE_HIDPI_IMAGES = YES;
				CURRENT_PROJECT_VERSION = 1;
				DEVELOPMENT_ASSET_PATHS = "\"NESwift/Preview Content\"";
				DEVELOPMENT_TEAM = NV8H2QFMVS;
				ENABLE_HARDENED_RUNTIME = YES;
				ENABLE_PREVIEWS = YES;
				GENERATE_INFOPLIST_FILE = YES;
				INFOPLIST_KEY_NSHumanReadableCopyright = "";
				LD_RUNPATH_SEARCH_PATHS = (
					"$(inherited)",
					"@executable_path/../Frameworks",
				);
				MARKETING_VERSION = 1.0;
				PRODUCT_BUNDLE_IDENTIFIER = llc.narc.NESwift;
				PRODUCT_NAME = "$(TARGET_NAME)";
				SWIFT_EMIT_LOC_STRINGS = YES;
				SWIFT_VERSION = 5.0;
			};
			name = Release;
		};
		4AB0B69E27B205DF00F4A8E7 /* Debug */ = {
			isa = XCBuildConfiguration;
			buildSettings = {
				ALWAYS_EMBED_SWIFT_STANDARD_LIBRARIES = YES;
				BUNDLE_LOADER = "$(TEST_HOST)";
				CODE_SIGN_STYLE = Automatic;
				CURRENT_PROJECT_VERSION = 1;
				DEVELOPMENT_TEAM = NV8H2QFMVS;
				GENERATE_INFOPLIST_FILE = YES;
				MACOSX_DEPLOYMENT_TARGET = 12.1;
				MARKETING_VERSION = 1.0;
				PRODUCT_BUNDLE_IDENTIFIER = llc.narc.NESwiftTests;
				PRODUCT_NAME = "$(TARGET_NAME)";
				SWIFT_EMIT_LOC_STRINGS = NO;
				SWIFT_VERSION = 5.0;
				TEST_HOST = "$(BUILT_PRODUCTS_DIR)/NESwift.app/Contents/MacOS/NESwift";
			};
			name = Debug;
		};
		4AB0B69F27B205DF00F4A8E7 /* Release */ = {
			isa = XCBuildConfiguration;
			buildSettings = {
				ALWAYS_EMBED_SWIFT_STANDARD_LIBRARIES = YES;
				BUNDLE_LOADER = "$(TEST_HOST)";
				CODE_SIGN_STYLE = Automatic;
				CURRENT_PROJECT_VERSION = 1;
				DEVELOPMENT_TEAM = NV8H2QFMVS;
				GENERATE_INFOPLIST_FILE = YES;
				MACOSX_DEPLOYMENT_TARGET = 12.1;
				MARKETING_VERSION = 1.0;
				PRODUCT_BUNDLE_IDENTIFIER = llc.narc.NESwiftTests;
				PRODUCT_NAME = "$(TARGET_NAME)";
				SWIFT_EMIT_LOC_STRINGS = NO;
				SWIFT_VERSION = 5.0;
				TEST_HOST = "$(BUILT_PRODUCTS_DIR)/NESwift.app/Contents/MacOS/NESwift";
			};
			name = Release;
		};
		4AB0B6A127B205DF00F4A8E7 /* Debug */ = {
			isa = XCBuildConfiguration;
			buildSettings = {
				ALWAYS_EMBED_SWIFT_STANDARD_LIBRARIES = YES;
				CODE_SIGN_STYLE = Automatic;
				CURRENT_PROJECT_VERSION = 1;
				DEVELOPMENT_TEAM = NV8H2QFMVS;
				GENERATE_INFOPLIST_FILE = YES;
				MARKETING_VERSION = 1.0;
				PRODUCT_BUNDLE_IDENTIFIER = llc.narc.NESwiftUITests;
				PRODUCT_NAME = "$(TARGET_NAME)";
				SWIFT_EMIT_LOC_STRINGS = NO;
				SWIFT_VERSION = 5.0;
				TEST_TARGET_NAME = NESwift;
			};
			name = Debug;
		};
		4AB0B6A227B205DF00F4A8E7 /* Release */ = {
			isa = XCBuildConfiguration;
			buildSettings = {
				ALWAYS_EMBED_SWIFT_STANDARD_LIBRARIES = YES;
				CODE_SIGN_STYLE = Automatic;
				CURRENT_PROJECT_VERSION = 1;
				DEVELOPMENT_TEAM = NV8H2QFMVS;
				GENERATE_INFOPLIST_FILE = YES;
				MARKETING_VERSION = 1.0;
				PRODUCT_BUNDLE_IDENTIFIER = llc.narc.NESwiftUITests;
				PRODUCT_NAME = "$(TARGET_NAME)";
				SWIFT_EMIT_LOC_STRINGS = NO;
				SWIFT_VERSION = 5.0;
				TEST_TARGET_NAME = NESwift;
			};
			name = Release;
		};
/* End XCBuildConfiguration section */

/* Begin XCConfigurationList section */
		4AB0B66B27B205DC00F4A8E7 /* Build configuration list for PBXProject "NESwift" */ = {
			isa = XCConfigurationList;
			buildConfigurations = (
				4AB0B69827B205DF00F4A8E7 /* Debug */,
				4AB0B69927B205DF00F4A8E7 /* Release */,
			);
			defaultConfigurationIsVisible = 0;
			defaultConfigurationName = Release;
		};
		4AB0B69A27B205DF00F4A8E7 /* Build configuration list for PBXNativeTarget "NESwift" */ = {
			isa = XCConfigurationList;
			buildConfigurations = (
				4AB0B69B27B205DF00F4A8E7 /* Debug */,
				4AB0B69C27B205DF00F4A8E7 /* Release */,
			);
			defaultConfigurationIsVisible = 0;
			defaultConfigurationName = Release;
		};
		4AB0B69D27B205DF00F4A8E7 /* Build configuration list for PBXNativeTarget "NESwiftTests" */ = {
			isa = XCConfigurationList;
			buildConfigurations = (
				4AB0B69E27B205DF00F4A8E7 /* Debug */,
				4AB0B69F27B205DF00F4A8E7 /* Release */,
			);
			defaultConfigurationIsVisible = 0;
			defaultConfigurationName = Release;
		};
		4AB0B6A027B205DF00F4A8E7 /* Build configuration list for PBXNativeTarget "NESwiftUITests" */ = {
			isa = XCConfigurationList;
			buildConfigurations = (
				4AB0B6A127B205DF00F4A8E7 /* Debug */,
				4AB0B6A227B205DF00F4A8E7 /* Release */,
			);
			defaultConfigurationIsVisible = 0;
			defaultConfigurationName = Release;
		};
/* End XCConfigurationList section */

/* Begin XCVersionGroup section */
		4AB0B67E27B205DE00F4A8E7 /* NESwift.xcdatamodeld */ = {
			isa = XCVersionGroup;
			children = (
				4AB0B67F27B205DE00F4A8E7 /* NESwift.xcdatamodel */,
			);
			currentVersion = 4AB0B67F27B205DE00F4A8E7 /* NESwift.xcdatamodel */;
			path = NESwift.xcdatamodeld;
			sourceTree = "<group>";
			versionGroupType = wrapper.xcdatamodel;
		};
/* End XCVersionGroup section */
	};
	rootObject = 4AB0B66827B205DC00F4A8E7 /* Project object */;
}
